
Microsoft Visual Studio Solution File, Format Version 12.00
# Visual Studio Version 17
VisualStudioVersion = 17.10.35013.160
MinimumVisualStudioVersion = 10.0.40219.1
Project("{FAE04EC0-301F-11D3-BF4B-00C04F79EFBC}") = "CallStoredProcedureWebAPI", "CallStoredProcedureWebAPI\CallStoredProcedureWebAPI.csproj", "{6245E976-7FF1-40C6-A762-43A940517105}"
EndProject
Global
	GlobalSection(SolutionConfigurationPlatforms) = preSolution
		Debug|Any CPU = Debug|Any CPU
		Release|Any CPU = Release|Any CPU
	EndGlobalSection
	GlobalSection(ProjectConfigurationPlatforms) = postSolution
		{6245E976-7FF1-40C6-A762-43A940517105}.Debug|Any CPU.ActiveCfg = Debug|Any CPU
		{6245E976-7FF1-40C6-A762-43A940517105}.Debug|Any CPU.Build.0 = Debug|Any CPU
		{6245E976-7FF1-40C6-A762-43A940517105}.Release|Any CPU.ActiveCfg = Release|Any CPU
		{6245E976-7FF1-40C6-A762-43A940517105}.Release|Any CPU.Build.0 = Release|Any CPU
	EndGlobalSection
	GlobalSection(SolutionProperties) = preSolution
		HideSolutionNode = FALSE
	EndGlobalSection
	GlobalSection(ExtensibilityGlobals) = postSolution
		SolutionGuid = {B4373329-C5AC-44D7-B836-315B7C411E3F}
	EndGlobalSection
EndGlobal
